{
  "name": "json-vcard",
  "version": "1.0.1",
  "lockfileVersion": 1,
  "requires": true,
  "dependencies": {
    "ncp": {
      "version": "2.0.0",
      "resolved": "https://registry.npmjs.org/ncp/-/ncp-2.0.0.tgz",
      "integrity": "sha1-GVoh1sRuNh0vsSgbo4uR6d9727M="
    },
    "yuidoc-marviq-theme": {
      "version": "0.1.5",
      "resolved": "https://registry.npmjs.org/yuidoc-marviq-theme/-/yuidoc-marviq-theme-0.1.5.tgz",
      "integrity": "sha1-vSyCbb632iFP7RdhyInXnCOv7rA=",
      "dev": true
    }
  }
}
